{
  "object": {
    "pins": [
      {
        "package": "Nuke",
        "repositoryURL": "https://github.com/kean/Nuke.git",
        "state": {
          "branch": null,
          "revision": "9b62e2ecbfecdcccacd52341e38832bcc84d98f4",
          "version": "10.10.0"
        }
      }
    ]
  },
  "version": 1
}
